
Microsoft Visual Studio Solution File, Format Version 12.00
# Visual Studio Version 16
VisualStudioVersion = 16.0.29509.3
MinimumVisualStudioVersion = 10.0.40219.1
Project("{FAE04EC0-301F-11D3-BF4B-00C04F79EFBC}") = "numba3", "numba3\numba3.csproj", "{AA013381-BB75-433D-9371-D534A4C35FB6}"
EndProject
Global
	GlobalSection(SolutionConfigurationPlatforms) = preSolution
		Debug|Any CPU = Debug|Any CPU
		Release|Any CPU = Release|Any CPU
	EndGlobalSection
	GlobalSection(ProjectConfigurationPlatforms) = postSolution
		{AA013381-BB75-433D-9371-D534A4C35FB6}.Debug|Any CPU.ActiveCfg = Debug|Any CPU
		{AA013381-BB75-433D-9371-D534A4C35FB6}.Debug|Any CPU.Build.0 = Debug|Any CPU
		{AA013381-BB75-433D-9371-D534A4C35FB6}.Release|Any CPU.ActiveCfg = Release|Any CPU
		{AA013381-BB75-433D-9371-D534A4C35FB6}.Release|Any CPU.Build.0 = Release|Any CPU
	EndGlobalSection
	GlobalSection(SolutionProperties) = preSolution
		HideSolutionNode = FALSE
	EndGlobalSection
	GlobalSection(ExtensibilityGlobals) = postSolution
		SolutionGuid = {F09A476A-4751-48AA-A69D-A73C09A23F4C}
	EndGlobalSection
EndGlobal
